
Microsoft Visual Studio Solution File, Format Version 12.00
# Visual Studio Version 16
VisualStudioVersion = 16.0.31410.357
MinimumVisualStudioVersion = 10.0.40219.1
Project("{9A19103F-16F7-4668-BE54-9A1E7A4F7556}") = "Bugfixapp", "Bugfixapp\Bugfixapp.csproj", "{855E842E-82CD-40DA-8A0F-D93F000CC547}"
EndProject
Project("{FAE04EC0-301F-11D3-BF4B-00C04F79EFBC}") = "TestProject", "TestProject\TestProject.csproj", "{E59510C0-985A-4A37-9A34-B5FE7BE6D265}"
EndProject
Global
	GlobalSection(SolutionConfigurationPlatforms) = preSolution
		Debug|Any CPU = Debug|Any CPU
		Release|Any CPU = Release|Any CPU
	EndGlobalSection
	GlobalSection(ProjectConfigurationPlatforms) = postSolution
		{855E842E-82CD-40DA-8A0F-D93F000CC547}.Debug|Any CPU.ActiveCfg = Debug|Any CPU
		{855E842E-82CD-40DA-8A0F-D93F000CC547}.Debug|Any CPU.Build.0 = Debug|Any CPU
		{855E842E-82CD-40DA-8A0F-D93F000CC547}.Release|Any CPU.ActiveCfg = Release|Any CPU
		{855E842E-82CD-40DA-8A0F-D93F000CC547}.Release|Any CPU.Build.0 = Release|Any CPU
		{E59510C0-985A-4A37-9A34-B5FE7BE6D265}.Debug|Any CPU.ActiveCfg = Debug|Any CPU
		{E59510C0-985A-4A37-9A34-B5FE7BE6D265}.Debug|Any CPU.Build.0 = Debug|Any CPU
		{E59510C0-985A-4A37-9A34-B5FE7BE6D265}.Release|Any CPU.ActiveCfg = Release|Any CPU
		{E59510C0-985A-4A37-9A34-B5FE7BE6D265}.Release|Any CPU.Build.0 = Release|Any CPU
	EndGlobalSection
	GlobalSection(SolutionProperties) = preSolution
		HideSolutionNode = FALSE
	EndGlobalSection
	GlobalSection(ExtensibilityGlobals) = postSolution
		SolutionGuid = {B8B39D4B-9B0A-4617-9054-5B4AE37A632D}
	EndGlobalSection
EndGlobal
